// !$*UTF8*$!
{
	archiveVersion = 1;
	classes = {
	};
	objectVersion = 110;
	objects = {

/* Begin PBXBuildFile section */
		75D25E76301FC3AE00898E83 /* ComposableArchitecture in Frameworks */ = {isa = PBXBuildFile; productRef = 75D25E75301FC3AE00898E83 /* ComposableArchitecture */; };
/* End PBXBuildFile section */

/* Begin PBXContainerItemProxy section */
		755A8D6E301FC32900A6581A /* PBXContainerItemProxy */ = {
			isa = PBXContainerItemProxy;
			containerPortal = 755A8D58301FC32700A6581A /* Project object */;
			proxyType = 1;
			remoteGlobalIDString = 755A8D5F301FC32800A6581A;
			remoteInfo = FoodGuide;
		};
/* End PBXContainerItemProxy section */

/* Begin PBXFileReference section */
		755A8D60301FC32800A6581A /* FoodGuide.app */ = {isa = PBXFileReference; explicitFileType = wrapper.application; includeInIndex = 0; path = FoodGuide.app; sourceTree = BUILT_PRODUCTS_DIR; };
		755A8D6D301FC32900A6581A /* FoodGuideTests.xctest */ = {isa = PBXFileReference; explicitFileType = wrapper.cfbundle; includeInIndex = 0; path = FoodGuideTests.xctest; sourceTree = BUILT_PRODUCTS_DIR; };
/* End PBXFileReference section */

/* Begin PBXFileSystemSynchronizedBuildFileExceptionSet section */
		F00000013020000000000001 /* Exceptions for "FoodGuide" folder in "FoodGuide" target */ = {
			isa = PBXFileSystemSynchronizedBuildFileExceptionSet;
			membershipExceptions = (
				Info.plist,
			);
			target = 755A8D5F301FC32800A6581A /* FoodGuide */;
		};
/* End PBXFileSystemSynchronizedBuildFileExceptionSet section */

/* Begin PBXFileSystemSynchronizedRootGroup section */
		755A8D62301FC32800A6581A /* FoodGuide */ = {
			isa = PBXFileSystemSynchronizedRootGroup;
			exceptions = (
				F00000013020000000000001 /* Exceptions for "FoodGuide" folder in "FoodGuide" target */,
			);
			path = FoodGuide;
			sourceTree = "<group>";
		};
		755A8D70301FC32900A6581A /* FoodGuideTests */ = {
			isa = PBXFileSystemSynchronizedRootGroup;
			path = FoodGuideTests;
			sourceTree = "<group>";
		};
/* End PBXFileSystemSynchronizedRootGroup section */

/* Begin PBXFrameworksBuildPhase section */
		755A8D5D301FC32800A6581A /* Frameworks */ = {
			isa = PBXFrameworksBuildPhase;
			files = (
				75D25E76301FC3AE00898E83 /* ComposableArchitecture in Frameworks */,
			);
		};
		755A8D6A301FC32900A6581A /* Frameworks */ = {
			isa = PBXFrameworksBuildPhase;
			files = (
			);
		};
/* End PBXFrameworksBuildPhase section */

/* Begin PBXGroup section */
		755A8D57301FC32700A6581A = {
			isa = PBXGroup;
			children = (
				755A8D62301FC32800A6581A /* FoodGuide */,
				755A8D70301FC32900A6581A /* FoodGuideTests */,
				755A8D61301FC32800A6581A /* Products */,
			);
			sourceTree = "<group>";
		};
		755A8D61301FC32800A6581A /* Products */ = {
			isa = PBXGroup;
			children = (
				755A8D60301FC32800A6581A /* FoodGuide.app */,
				755A8D6D301FC32900A6581A /* FoodGuideTests.xctest */,
			);
			name = Products;
			sourceTree = "<group>";
		};
/* End PBXGroup section */

/* Begin PBXNativeTarget section */
		755A8D5F301FC32800A6581A /* FoodGuide */ = {
			isa = PBXNativeTarget;
			buildConfigurationList = 755A8D7F301FC32900A6581A /* Build configuration list for PBXNativeTarget "FoodGuide" */;
			buildPhases = (
				755A8D5C301FC32800A6581A /* Sources */,
				755A8D5D301FC32800A6581A /* Frameworks */,
				755A8D5E301FC32800A6581A /* Resources */,
			);
			buildRules = (
			);
			fileSystemSynchronizedGroups = (
				755A8D62301FC32800A6581A /* FoodGuide */,
			);
			name = FoodGuide;
			packageProductDependencies = (
				75D25E75301FC3AE00898E83 /* ComposableArchitecture */,
			);
			productName = FoodGuide;
			productReference = 755A8D60301FC32800A6581A /* FoodGuide.app */;
			productType = "com.apple.product-type.application";
		};
		755A8D6C301FC32900A6581A /* FoodGuideTests */ = {
			isa = PBXNativeTarget;
			buildConfigurationList = 755A8D82301FC32900A6581A /* Build configuration list for PBXNativeTarget "FoodGuideTests" */;
			buildPhases = (
				755A8D69301FC32900A6581A /* Sources */,
				755A8D6A301FC32900A6581A /* Frameworks */,
				755A8D6B301FC32900A6581A /* Resources */,
			);
			buildRules = (
			);
			dependencies = (
				755A8D6F301FC32900A6581A /* PBXTargetDependency */,
			);
			fileSystemSynchronizedGroups = (
				755A8D70301FC32900A6581A /* FoodGuideTests */,
			);
			name = FoodGuideTests;
			productName = FoodGuideTests;
			productReference = 755A8D6D301FC32900A6581A /* FoodGuideTests.xctest */;
			productType = "com.apple.product-type.bundle.unit-test";
		};
/* End PBXNativeTarget section */

/* Begin PBXProject section */
		755A8D58301FC32700A6581A /* Project object */ = {
			isa = PBXProject;
			attributes = {
				BuildIndependentTargetsInParallel = 1;
				LastSwiftUpdateCheck = 2700;
				LastUpgradeCheck = 2700;
				TargetAttributes = {
					755A8D5F301FC32800A6581A = {
						CreatedOnToolsVersion = 27.0;
					};
					755A8D6C301FC32900A6581A = {
						CreatedOnToolsVersion = 27.0;
						TestTargetID = 755A8D5F301FC32800A6581A;
					};
				};
			};
			buildConfigurationList = 755A8D5B301FC32700A6581A /* Build configuration list for PBXProject "FoodGuide" */;
			developmentRegion = en;
			hasScannedForEncodings = 0;
			knownRegions = (
				en,
				Base,
			);
			mainGroup = 755A8D57301FC32700A6581A;
			minimizedProjectReferenceProxies = 1;
			packageReferences = (
				75D25E74301FC3AE00898E83 /* XCRemoteSwiftPackageReference "swift-composable-architecture" */,
			);
			preferredProjectObjectVersion = 77;
			productRefGroup = 755A8D61301FC32800A6581A /* Products */;
			projectDirPath = "";
			projectRoot = "";
			targets = (
				755A8D5F301FC32800A6581A /* FoodGuide */,
				755A8D6C301FC32900A6581A /* FoodGuideTests */,
			);
		};
/* End PBXProject section */

/* Begin PBXResourcesBuildPhase section */
		755A8D5E301FC32800A6581A /* Resources */ = {
			isa = PBXResourcesBuildPhase;
			files = (
			);
		};
		755A8D6B301FC32900A6581A /* Resources */ = {
			isa = PBXResourcesBuildPhase;
			files = (
			);
		};
/* End PBXResourcesBuildPhase section */

/* Begin PBXSourcesBuildPhase section */
		755A8D5C301FC32800A6581A /* Sources */ = {
			isa = PBXSourcesBuildPhase;
			files = (
			);
		};
		755A8D69301FC32900A6581A /* Sources */ = {
			isa = PBXSourcesBuildPhase;
			files = (
			);
		};
/* End PBXSourcesBuildPhase section */

/* Begin PBXTargetDependency section */
		755A8D6F301FC32900A6581A /* PBXTargetDependency */ = {
			isa = PBXTargetDependency;
			target = 755A8D5F301FC32800A6581A /* FoodGuide */;
			targetProxy = 755A8D6E301FC32900A6581A /* PBXContainerItemProxy */;
		};
/* End PBXTargetDependency section */

/* Begin XCBuildConfiguration section */
		755A8D7D301FC32900A6581A /* Debug configuration for PBXProject "FoodGuide" */ = {
			isa = XCBuildConfiguration;
			buildSettings = {
				ALWAYS_SEARCH_USER_PATHS = NO;
				ASSETCATALOG_COMPILER_GENERATE_SWIFT_ASSET_SYMBOL_EXTENSIONS = YES;
				CLANG_ANALYZER_NONNULL = YES;
				CLANG_ANALYZER_NUMBER_OBJECT_CONVERSION = YES_AGGRESSIVE;
				CLANG_CXX_LANGUAGE_STANDARD = "gnu++20";
				CLANG_ENABLE_MODULES = YES;
				CLANG_ENABLE_OBJC_ARC = YES;
				CLANG_ENABLE_OBJC_WEAK = YES;
				CLANG_WARN_BLOCK_CAPTURE_AUTORELEASING = YES;
				CLANG_WARN_BOOL_CONVERSION = YES;
				CLANG_WARN_COMMA = YES;
				CLANG_WARN_CONSTANT_CONVERSION = YES;
				CLANG_WARN_DEPRECATED_OBJC_IMPLEMENTATIONS = YES;
				CLANG_WARN_DIRECT_OBJC_ISA_USAGE = YES_ERROR;
				CLANG_WARN_DOCUMENTATION_COMMENTS = YES;
				CLANG_WARN_EMPTY_BODY = YES;
				CLANG_WARN_ENUM_CONVERSION = YES;
				CLANG_WARN_INFINITE_RECURSION = YES;
				CLANG_WARN_INT_CONVERSION = YES;
				CLANG_WARN_NON_LITERAL_NULL_CONVERSION = YES;
				CLANG_WARN_OBJC_IMPLICIT_RETAIN_SELF = YES;
				CLANG_WARN_OBJC_LITERAL_CONVERSION = YES;
				CLANG_WARN_OBJC_ROOT_CLASS = YES_ERROR;
				CLANG_WARN_QUOTED_INCLUDE_IN_FRAMEWORK_HEADER = YES;
				CLANG_WARN_RANGE_LOOP_ANALYSIS = YES;
				CLANG_WARN_STRICT_PROTOTYPES = YES;
				CLANG_WARN_SUSPICIOUS_MOVE = YES;
				CLANG_WARN_UNGUARDED_AVAILABILITY = YES_AGGRESSIVE;
				CLANG_WARN_UNREACHABLE_CODE = YES;
				CLANG_WARN__DUPLICATE_METHOD_MATCH = YES;
				COPY_PHASE_STRIP = NO;
				DEBUG_INFORMATION_FORMAT = dwarf;
				DEVELOPMENT_TEAM = UM3QPHF8E3;
				ENABLE_STRICT_OBJC_MSGSEND = YES;
				ENABLE_TESTABILITY = YES;
				ENABLE_USER_SCRIPT_SANDBOXING = YES;
				GCC_C_LANGUAGE_STANDARD = gnu17;
				GCC_DYNAMIC_NO_PIC = NO;
				GCC_NO_COMMON_BLOCKS = YES;
				GCC_OPTIMIZATION_LEVEL = 0;
				GCC_PREPROCESSOR_DEFINITIONS = (
					"DEBUG=1",
					"$(inherited)",
				);
				GCC_WARN_64_TO_32_BIT_CONVERSION = YES;
				GCC_WARN_ABOUT_RETURN_TYPE = YES_ERROR;
				GCC_WARN_UNDECLARED_SELECTOR = YES;
				GCC_WARN_UNINITIALIZED_AUTOS = YES_AGGRESSIVE;
				GCC_WARN_UNUSED_FUNCTION = YES;
				GCC_WARN_UNUSED_VARIABLE = YES;
				IPHONEOS_DEPLOYMENT_TARGET = 27.0;
				LOCALIZATION_PREFERS_STRING_CATALOGS = YES;
				MTL_ENABLE_DEBUG_INFO = INCLUDE_SOURCE;
				MTL_FAST_MATH = YES;
				ONLY_ACTIVE_ARCH = YES;
				SDKROOT = iphoneos;
				SWIFT_ACTIVE_COMPILATION_CONDITIONS = "DEBUG $(inherited)";
				SWIFT_OPTIMIZATION_LEVEL = "-Onone";
			};
			name = Debug;
		};
		755A8D7E301FC32900A6581A /* Release configuration for PBXProject "FoodGuide" */ = {
			isa = XCBuildConfiguration;
			buildSettings = {
				ALWAYS_SEARCH_USER_PATHS = NO;
				ASSETCATALOG_COMPILER_GENERATE_SWIFT_ASSET_SYMBOL_EXTENSIONS = YES;
				CLANG_ANALYZER_NONNULL = YES;
				CLANG_ANALYZER_NUMBER_OBJECT_CONVERSION = YES_AGGRESSIVE;
				CLANG_CXX_LANGUAGE_STANDARD = "gnu++20";
				CLANG_ENABLE_MODULES = YES;
				CLANG_ENABLE_OBJC_ARC = YES;
				CLANG_ENABLE_OBJC_WEAK = YES;
				CLANG_WARN_BLOCK_CAPTURE_AUTORELEASING = YES;
				CLANG_WARN_BOOL_CONVERSION = YES;
				CLANG_WARN_COMMA = YES;
				CLANG_WARN_CONSTANT_CONVERSION = YES;
				CLANG_WARN_DEPRECATED_OBJC_IMPLEMENTATIONS = YES;
				CLANG_WARN_DIRECT_OBJC_ISA_USAGE = YES_ERROR;
				CLANG_WARN_DOCUMENTATION_COMMENTS = YES;
				CLANG_WARN_EMPTY_BODY = YES;
				CLANG_WARN_ENUM_CONVERSION = YES;
				CLANG_WARN_INFINITE_RECURSION = YES;
				CLANG_WARN_INT_CONVERSION = YES;
				CLANG_WARN_NON_LITERAL_NULL_CONVERSION = YES;
				CLANG_WARN_OBJC_IMPLICIT_RETAIN_SELF = YES;
				CLANG_WARN_OBJC_LITERAL_CONVERSION = YES;
				CLANG_WARN_OBJC_ROOT_CLASS = YES_ERROR;
				CLANG_WARN_QUOTED_INCLUDE_IN_FRAMEWORK_HEADER = YES;
				CLANG_WARN_RANGE_LOOP_ANALYSIS = YES;
				CLANG_WARN_STRICT_PROTOTYPES = YES;
				CLANG_WARN_SUSPICIOUS_MOVE = YES;
				CLANG_WARN_UNGUARDED_AVAILABILITY = YES_AGGRESSIVE;
				CLANG_WARN_UNREACHABLE_CODE = YES;
				CLANG_WARN__DUPLICATE_METHOD_MATCH = YES;
				COPY_PHASE_STRIP = NO;
				DEBUG_INFORMATION_FORMAT = "dwarf-with-dsym";
				DEVELOPMENT_TEAM = UM3QPHF8E3;
				ENABLE_NS_ASSERTIONS = NO;
				ENABLE_STRICT_OBJC_MSGSEND = YES;
				ENABLE_USER_SCRIPT_SANDBOXING = YES;
				GCC_C_LANGUAGE_STANDARD = gnu17;
				GCC_NO_COMMON_BLOCKS = YES;
				GCC_WARN_64_TO_32_BIT_CONVERSION = YES;
				GCC_WARN_ABOUT_RETURN_TYPE = YES_ERROR;
				GCC_WARN_UNDECLARED_SELECTOR = YES;
				GCC_WARN_UNINITIALIZED_AUTOS = YES_AGGRESSIVE;
				GCC_WARN_UNUSED_FUNCTION = YES;
				GCC_WARN_UNUSED_VARIABLE = YES;
				IPHONEOS_DEPLOYMENT_TARGET = 27.0;
				LOCALIZATION_PREFERS_STRING_CATALOGS = YES;
				MTL_ENABLE_DEBUG_INFO = NO;
				MTL_FAST_MATH = YES;
				SDKROOT = iphoneos;
				SWIFT_COMPILATION_MODE = wholemodule;
				VALIDATE_PRODUCT = YES;
			};
			name = Release;
		};
		755A8D80301FC32900A6581A /* Debug configuration for PBXNativeTarget "FoodGuide" */ = {
			isa = XCBuildConfiguration;
			buildSettings = {
				API_BASE_URL = "http://localhost:3000";
				ASSETCATALOG_COMPILER_APPICON_NAME = AppIcon;
				ASSETCATALOG_COMPILER_GLOBAL_ACCENT_COLOR_NAME = AccentColor;
				CODE_SIGN_STYLE = Automatic;
				CURRENT_PROJECT_VERSION = 1;
				DEVELOPMENT_TEAM = UM3QPHF8E3;
				ENABLE_PREVIEWS = YES;
				GENERATE_INFOPLIST_FILE = NO;
				INFOPLIST_FILE = FoodGuide/Info.plist;
				LD_RUNPATH_SEARCH_PATHS = (
					"$(inherited)",
					"@executable_path/Frameworks",
				);
				MARKETING_VERSION = 1.0;
				PRODUCT_BUNDLE_IDENTIFIER = com.opentile.FoodGuide;
				PRODUCT_NAME = "$(TARGET_NAME)";
				STRING_CATALOG_GENERATE_SYMBOLS = YES;
				SWIFT_APPROACHABLE_CONCURRENCY = YES;
				SWIFT_DEFAULT_ACTOR_ISOLATION = MainActor;
				SWIFT_EMIT_LOC_STRINGS = YES;
				SWIFT_UPCOMING_FEATURE_MEMBER_IMPORT_VISIBILITY = YES;
				SWIFT_VERSION = 5.0;
				TARGETED_DEVICE_FAMILY = "1,2";
			};
			name = Debug;
		};
		755A8D81301FC32900A6581A /* Release configuration for PBXNativeTarget "FoodGuide" */ = {
			isa = XCBuildConfiguration;
			buildSettings = {
				API_BASE_URL = "https://food-guide.opentile.io";
				ASSETCATALOG_COMPILER_APPICON_NAME = AppIcon;
				ASSETCATALOG_COMPILER_GLOBAL_ACCENT_COLOR_NAME = AccentColor;
				CODE_SIGN_STYLE = Automatic;
				CURRENT_PROJECT_VERSION = 1;
				DEVELOPMENT_TEAM = UM3QPHF8E3;
				ENABLE_PREVIEWS = YES;
				GENERATE_INFOPLIST_FILE = NO;
				INFOPLIST_FILE = FoodGuide/Info.plist;
				LD_RUNPATH_SEARCH_PATHS = (
					"$(inherited)",
					"@executable_path/Frameworks",
				);
				MARKETING_VERSION = 1.0;
				PRODUCT_BUNDLE_IDENTIFIER = com.opentile.FoodGuide;
				PRODUCT_NAME = "$(TARGET_NAME)";
				STRING_CATALOG_GENERATE_SYMBOLS = YES;
				SWIFT_APPROACHABLE_CONCURRENCY = YES;
				SWIFT_DEFAULT_ACTOR_ISOLATION = MainActor;
				SWIFT_EMIT_LOC_STRINGS = YES;
				SWIFT_UPCOMING_FEATURE_MEMBER_IMPORT_VISIBILITY = YES;
				SWIFT_VERSION = 5.0;
				TARGETED_DEVICE_FAMILY = "1,2";
			};
			name = Release;
		};
		755A8D83301FC32900A6581A /* Debug configuration for PBXNativeTarget "FoodGuideTests" */ = {
			isa = XCBuildConfiguration;
			buildSettings = {
				BUNDLE_LOADER = "$(TEST_HOST)";
				CODE_SIGN_STYLE = Automatic;
				CURRENT_PROJECT_VERSION = 1;
				DEVELOPMENT_TEAM = UM3QPHF8E3;
				GENERATE_INFOPLIST_FILE = YES;
				IPHONEOS_DEPLOYMENT_TARGET = 27.0;
				MARKETING_VERSION = 1.0;
				PRODUCT_BUNDLE_IDENTIFIER = com.opentile.FoodGuideTests;
				PRODUCT_NAME = "$(TARGET_NAME)";
				STRING_CATALOG_GENERATE_SYMBOLS = NO;
				SWIFT_APPROACHABLE_CONCURRENCY = YES;
				SWIFT_EMIT_LOC_STRINGS = NO;
				SWIFT_UPCOMING_FEATURE_MEMBER_IMPORT_VISIBILITY = YES;
				SWIFT_VERSION = 5.0;
				TARGETED_DEVICE_FAMILY = "1,2";
				TEST_HOST = "$(BUILT_PRODUCTS_DIR)/FoodGuide.app/$(BUNDLE_EXECUTABLE_FOLDER_PATH)/FoodGuide";
			};
			name = Debug;
		};
		755A8D84301FC32900A6581A /* Release configuration for PBXNativeTarget "FoodGuideTests" */ = {
			isa = XCBuildConfiguration;
			buildSettings = {
				BUNDLE_LOADER = "$(TEST_HOST)";
				CODE_SIGN_STYLE = Automatic;
				CURRENT_PROJECT_VERSION = 1;
				DEVELOPMENT_TEAM = UM3QPHF8E3;
				GENERATE_INFOPLIST_FILE = YES;
				IPHONEOS_DEPLOYMENT_TARGET = 27.0;
				MARKETING_VERSION = 1.0;
				PRODUCT_BUNDLE_IDENTIFIER = com.opentile.FoodGuideTests;
				PRODUCT_NAME = "$(TARGET_NAME)";
				STRING_CATALOG_GENERATE_SYMBOLS = NO;
				SWIFT_APPROACHABLE_CONCURRENCY = YES;
				SWIFT_EMIT_LOC_STRINGS = NO;
				SWIFT_UPCOMING_FEATURE_MEMBER_IMPORT_VISIBILITY = YES;
				SWIFT_VERSION = 5.0;
				TARGETED_DEVICE_FAMILY = "1,2";
				TEST_HOST = "$(BUILT_PRODUCTS_DIR)/FoodGuide.app/$(BUNDLE_EXECUTABLE_FOLDER_PATH)/FoodGuide";
			};
			name = Release;
		};
/* End XCBuildConfiguration section */

/* Begin XCConfigurationList section */
		755A8D5B301FC32700A6581A /* Build configuration list for PBXProject "FoodGuide" */ = {
			isa = XCConfigurationList;
			buildConfigurations = (
				755A8D7D301FC32900A6581A /* Debug configuration for PBXProject "FoodGuide" */,
				755A8D7E301FC32900A6581A /* Release configuration for PBXProject "FoodGuide" */,
			);
			defaultConfigurationName = Release;
		};
		755A8D7F301FC32900A6581A /* Build configuration list for PBXNativeTarget "FoodGuide" */ = {
			isa = XCConfigurationList;
			buildConfigurations = (
				755A8D80301FC32900A6581A /* Debug configuration for PBXNativeTarget "FoodGuide" */,
				755A8D81301FC32900A6581A /* Release configuration for PBXNativeTarget "FoodGuide" */,
			);
			defaultConfigurationName = Release;
		};
		755A8D82301FC32900A6581A /* Build configuration list for PBXNativeTarget "FoodGuideTests" */ = {
			isa = XCConfigurationList;
			buildConfigurations = (
				755A8D83301FC32900A6581A /* Debug configuration for PBXNativeTarget "FoodGuideTests" */,
				755A8D84301FC32900A6581A /* Release configuration for PBXNativeTarget "FoodGuideTests" */,
			);
			defaultConfigurationName = Release;
		};
/* End XCConfigurationList section */

/* Begin XCRemoteSwiftPackageReference section */
		75D25E74301FC3AE00898E83 /* XCRemoteSwiftPackageReference "swift-composable-architecture" */ = {
			isa = XCRemoteSwiftPackageReference;
			repositoryURL = "https://github.com/pointfreeco/swift-composable-architecture";
			requirement = {
				kind = upToNextMajorVersion;
				minimumVersion = 1.26.1;
			};
		};
/* End XCRemoteSwiftPackageReference section */

/* Begin XCSwiftPackageProductDependency section */
		75D25E75301FC3AE00898E83 /* ComposableArchitecture */ = {
			isa = XCSwiftPackageProductDependency;
			package = 75D25E74301FC3AE00898E83 /* XCRemoteSwiftPackageReference "swift-composable-architecture" */;
			productName = ComposableArchitecture;
		};
/* End XCSwiftPackageProductDependency section */
	};
	rootObject = 755A8D58301FC32700A6581A /* Project object */;
	validationLevel = 1;
}
